
Microsoft Visual Studio Solution File, Format Version 12.00
# Visual Studio Version 17
VisualStudioVersion = 17.2.32616.157
MinimumVisualStudioVersion = 10.0.40219.1
Project("{FAE04EC0-301F-11D3-BF4B-00C04F79EFBC}") = "Wordle.ViewModel", "Wordle.ViewModel\Wordle.ViewModel.csproj", "{C66C26F4-20F9-4205-8819-A98D7F237926}"
EndProject
Project("{FAE04EC0-301F-11D3-BF4B-00C04F79EFBC}") = "Wordle.DAL", "Wordle.DAL\Wordle.DAL.csproj", "{991831CE-F5DB-44C9-A2FA-B92D88B8D1CD}"
EndProject
Project("{FAE04EC0-301F-11D3-BF4B-00C04F79EFBC}") = "Wordle.Model", "Wordle.Model\Wordle.Model.csproj", "{925F2DC1-FFAA-4527-BD34-50428E7CD68F}"
EndProject
Global
	GlobalSection(SolutionConfigurationPlatforms) = preSolution
		Debug|Any CPU = Debug|Any CPU
		Release|Any CPU = Release|Any CPU
	EndGlobalSection
	GlobalSection(ProjectConfigurationPlatforms) = postSolution
		{C66C26F4-20F9-4205-8819-A98D7F237926}.Debug|Any CPU.ActiveCfg = Debug|Any CPU
		{C66C26F4-20F9-4205-8819-A98D7F237926}.Debug|Any CPU.Build.0 = Debug|Any CPU
		{C66C26F4-20F9-4205-8819-A98D7F237926}.Release|Any CPU.ActiveCfg = Release|Any CPU
		{C66C26F4-20F9-4205-8819-A98D7F237926}.Release|Any CPU.Build.0 = Release|Any CPU
		{991831CE-F5DB-44C9-A2FA-B92D88B8D1CD}.Debug|Any CPU.ActiveCfg = Debug|Any CPU
		{991831CE-F5DB-44C9-A2FA-B92D88B8D1CD}.Debug|Any CPU.Build.0 = Debug|Any CPU
		{991831CE-F5DB-44C9-A2FA-B92D88B8D1CD}.Release|Any CPU.ActiveCfg = Release|Any CPU
		{991831CE-F5DB-44C9-A2FA-B92D88B8D1CD}.Release|Any CPU.Build.0 = Release|Any CPU
		{925F2DC1-FFAA-4527-BD34-50428E7CD68F}.Debug|Any CPU.ActiveCfg = Debug|Any CPU
		{925F2DC1-FFAA-4527-BD34-50428E7CD68F}.Debug|Any CPU.Build.0 = Debug|Any CPU
		{925F2DC1-FFAA-4527-BD34-50428E7CD68F}.Release|Any CPU.ActiveCfg = Release|Any CPU
		{925F2DC1-FFAA-4527-BD34-50428E7CD68F}.Release|Any CPU.Build.0 = Release|Any CPU
	EndGlobalSection
	GlobalSection(SolutionProperties) = preSolution
		HideSolutionNode = FALSE
	EndGlobalSection
	GlobalSection(ExtensibilityGlobals) = postSolution
		SolutionGuid = {371A6FD6-2B5C-4F92-B640-522E5D3B9586}
	EndGlobalSection
EndGlobal
